
Microsoft Visual Studio Solution File, Format Version 12.00
# Visual Studio Version 16
VisualStudioVersion = 16.0.30907.101
MinimumVisualStudioVersion = 10.0.40219.1
Project("{FAE04EC0-301F-11D3-BF4B-00C04F79EFBC}") = "Space Game", "Space Game\Space Game.csproj", "{9492104D-8F89-47F1-B7C1-EA10645F3DC6}"
EndProject
Global
	GlobalSection(SolutionConfigurationPlatforms) = preSolution
		Debug|Any CPU = Debug|Any CPU
		Release|Any CPU = Release|Any CPU
	EndGlobalSection
	GlobalSection(ProjectConfigurationPlatforms) = postSolution
		{9492104D-8F89-47F1-B7C1-EA10645F3DC6}.Debug|Any CPU.ActiveCfg = Debug|Any CPU
		{9492104D-8F89-47F1-B7C1-EA10645F3DC6}.Debug|Any CPU.Build.0 = Debug|Any CPU
		{9492104D-8F89-47F1-B7C1-EA10645F3DC6}.Release|Any CPU.ActiveCfg = Release|Any CPU
		{9492104D-8F89-47F1-B7C1-EA10645F3DC6}.Release|Any CPU.Build.0 = Release|Any CPU
	EndGlobalSection
	GlobalSection(SolutionProperties) = preSolution
		HideSolutionNode = FALSE
	EndGlobalSection
	GlobalSection(ExtensibilityGlobals) = postSolution
		SolutionGuid = {CD02E0BD-6526-4034-AF43-F83E115460E7}
	EndGlobalSection
EndGlobal
