
Microsoft Visual Studio Solution File, Format Version 12.00
# Visual Studio Version 16
VisualStudioVersion = 16.0.30907.101
MinimumVisualStudioVersion = 10.0.40219.1
Project("{FAE04EC0-301F-11D3-BF4B-00C04F79EFBC}") = "Task Tracker", "Task Tracker\Task Tracker.csproj", "{F54B2897-3D32-479F-840A-045C6B266929}"
EndProject
Global
	GlobalSection(SolutionConfigurationPlatforms) = preSolution
		Debug|Any CPU = Debug|Any CPU
		Release|Any CPU = Release|Any CPU
	EndGlobalSection
	GlobalSection(ProjectConfigurationPlatforms) = postSolution
		{F54B2897-3D32-479F-840A-045C6B266929}.Debug|Any CPU.ActiveCfg = Debug|Any CPU
		{F54B2897-3D32-479F-840A-045C6B266929}.Debug|Any CPU.Build.0 = Debug|Any CPU
		{F54B2897-3D32-479F-840A-045C6B266929}.Release|Any CPU.ActiveCfg = Release|Any CPU
		{F54B2897-3D32-479F-840A-045C6B266929}.Release|Any CPU.Build.0 = Release|Any CPU
	EndGlobalSection
	GlobalSection(SolutionProperties) = preSolution
		HideSolutionNode = FALSE
	EndGlobalSection
	GlobalSection(ExtensibilityGlobals) = postSolution
		SolutionGuid = {4F89B59E-9155-43E9-8FC4-D22144E5CC8F}
	EndGlobalSection
EndGlobal
